
Microsoft Visual Studio Solution File, Format Version 12.00
# Visual Studio 15
VisualStudioVersion = 15.0.28307.757
MinimumVisualStudioVersion = 10.0.40219.1
Project("{2150E333-8FDC-42A3-9474-1A3956D46DE8}") = "Library", "Library", "{34782372-17E9-487C-AC2D-3194E90AD5CD}"
EndProject
Project("{D954291E-2A0B-460D-934E-DC6B0785DB48}") = "FAB.Shared", "Library\FloatingActionButton.Shared\FAB.Shared.shproj", "{A00F6278-A080-4987-8E4C-075B2A9A1B86}"
EndProject
Project("{FAE04EC0-301F-11D3-BF4B-00C04F79EFBC}") = "FAB.Droid", "Library\FloatingActionButton.Droid\FAB.Droid.csproj", "{49CE4944-F3EC-4241-9AC2-617F42624CFE}"
EndProject
Project("{FAE04EC0-301F-11D3-BF4B-00C04F79EFBC}") = "FAB.iOS", "Library\FloatingActionButton.iOS\FAB.iOS.csproj", "{0FBA612E-7558-4303-8798-ACBF92A82BA0}"
EndProject
Project("{2150E333-8FDC-42A3-9474-1A3956D46DE8}") = "Sample", "Sample", "{85EBA5F6-C0BD-4757-8F8C-3D268181F5A6}"
EndProject
Project("{FAE04EC0-301F-11D3-BF4B-00C04F79EFBC}") = "FABSample", "Sample\FABSample\FABSample.csproj", "{8A6D05F8-9D1F-4327-B7A5-4DD290270327}"
EndProject
Project("{FAE04EC0-301F-11D3-BF4B-00C04F79EFBC}") = "FABSample.iOS", "Sample\iOS\FABSample.iOS.csproj", "{694AB4E4-4444-4AB9-ADFF-C37BAB48072E}"
EndProject
Project("{FAE04EC0-301F-11D3-BF4B-00C04F79EFBC}") = "FABSample.Droid", "Sample\Droid\FABSample.Droid.csproj", "{FEB016FC-294D-46AF-BF9D-5C1CD0C45B1D}"
EndProject
Project("{2150E333-8FDC-42A3-9474-1A3956D46DE8}") = ".nuget", ".nuget", "{35E2C1F3-C97D-47E2-8C5A-6D94D9E8F942}"
	ProjectSection(SolutionItems) = preProject
		FloatingActionButton.Forms.nuspec = FloatingActionButton.Forms.nuspec
	EndProjectSection
EndProject
Project("{2150E333-8FDC-42A3-9474-1A3956D46DE8}") = "PCL", "PCL", "{1FD88392-C5C6-46FD-8C38-351C685F6D70}"
EndProject
Project("{FAE04EC0-301F-11D3-BF4B-00C04F79EFBC}") = "FAB.Forms.Profile78", "Library\FloatingActionButton.Forms\Profile78\FAB.Forms.Profile78.csproj", "{78B00F76-5FB4-4429-ABF6-42A80A6E967E}"
EndProject
Project("{FAE04EC0-301F-11D3-BF4B-00C04F79EFBC}") = "FAB.Forms.Profile111", "Library\FloatingActionButton.Forms\Profile111\FAB.Forms.Profile111.csproj", "{0AA5F959-4FA9-40D9-98AE-5453ABDB3EC4}"
EndProject
Project("{FAE04EC0-301F-11D3-BF4B-00C04F79EFBC}") = "FAB.Forms.Standard", "FAB.Forms.Standard\FAB.Forms.Standard.csproj", "{55B9F893-83FA-40B2-AF94-341B0DC82199}"
EndProject
Project("{2150E333-8FDC-42A3-9474-1A3956D46DE8}") = "TestStandard", "TestStandard", "{C3251A30-6147-40A5-997D-1464883CFF25}"
EndProject
Project("{FAE04EC0-301F-11D3-BF4B-00C04F79EFBC}") = "FABSampleStandard.Android", "FABSampleStandard\FABSampleStandard.Android\FABSampleStandard.Android.csproj", "{56301A73-10E2-43E8-878C-3B375F202453}"
EndProject
Project("{FAE04EC0-301F-11D3-BF4B-00C04F79EFBC}") = "FABSampleStandard.iOS", "FABSampleStandard\FABSampleStandard.iOS\FABSampleStandard.iOS.csproj", "{63EE2E63-705C-45F0-93CD-D216591090A9}"
EndProject
Project("{FAE04EC0-301F-11D3-BF4B-00C04F79EFBC}") = "FABSampleStandard", "FABSampleStandard\FABSampleStandard\FABSampleStandard.csproj", "{27C897B9-ADB2-49F4-AD3C-F6100782DA9A}"
EndProject
Global
	GlobalSection(SharedMSBuildProjectFiles) = preSolution
		Library\FloatingActionButton.Shared\FloatingActionButton.Shared.projitems*{0fba612e-7558-4303-8798-acbf92a82ba0}*SharedItemsImports = 4
		Library\FloatingActionButton.Shared\FloatingActionButton.Shared.projitems*{49ce4944-f3ec-4241-9ac2-617f42624cfe}*SharedItemsImports = 4
		Library\FloatingActionButton.Shared\FloatingActionButton.Shared.projitems*{a00f6278-a080-4987-8e4c-075b2a9a1b86}*SharedItemsImports = 13
	EndGlobalSection
	GlobalSection(SolutionConfigurationPlatforms) = preSolution
		Ad-Hoc|Any CPU = Ad-Hoc|Any CPU
		Ad-Hoc|iPhone = Ad-Hoc|iPhone
		Ad-Hoc|iPhoneSimulator = Ad-Hoc|iPhoneSimulator
		AppStore|Any CPU = AppStore|Any CPU
		AppStore|iPhone = AppStore|iPhone
		AppStore|iPhoneSimulator = AppStore|iPhoneSimulator
		Debug|Any CPU = Debug|Any CPU
		Debug|iPhone = Debug|iPhone
		Debug|iPhoneSimulator = Debug|iPhoneSimulator
		nuget|Any CPU = nuget|Any CPU
		nuget|iPhone = nuget|iPhone
		nuget|iPhoneSimulator = nuget|iPhoneSimulator
		Release|Any CPU = Release|Any CPU
		Release|iPhone = Release|iPhone
		Release|iPhoneSimulator = Release|iPhoneSimulator
	EndGlobalSection
	GlobalSection(ProjectConfigurationPlatforms) = postSolution
		{49CE4944-F3EC-4241-9AC2-617F42624CFE}.Ad-Hoc|Any CPU.ActiveCfg = Release|Any CPU
		{49CE4944-F3EC-4241-9AC2-617F42624CFE}.Ad-Hoc|Any CPU.Build.0 = Release|Any CPU
		{49CE4944-F3EC-4241-9AC2-617F42624CFE}.Ad-Hoc|iPhone.ActiveCfg = Release|Any CPU
		{49CE4944-F3EC-4241-9AC2-617F42624CFE}.Ad-Hoc|iPhone.Build.0 = Release|Any CPU
		{49CE4944-F3EC-4241-9AC2-617F42624CFE}.Ad-Hoc|iPhoneSimulator.ActiveCfg = Release|Any CPU
		{49CE4944-F3EC-4241-9AC2-617F42624CFE}.Ad-Hoc|iPhoneSimulator.Build.0 = Release|Any CPU
		{49CE4944-F3EC-4241-9AC2-617F42624CFE}.AppStore|Any CPU.ActiveCfg = Release|Any CPU
		{49CE4944-F3EC-4241-9AC2-617F42624CFE}.AppStore|Any CPU.Build.0 = Release|Any CPU
		{49CE4944-F3EC-4241-9AC2-617F42624CFE}.AppStore|iPhone.ActiveCfg = Release|Any CPU
		{49CE4944-F3EC-4241-9AC2-617F42624CFE}.AppStore|iPhone.Build.0 = Release|Any CPU
		{49CE4944-F3EC-4241-9AC2-617F42624CFE}.AppStore|iPhoneSimulator.ActiveCfg = Release|Any CPU
		{49CE4944-F3EC-4241-9AC2-617F42624CFE}.AppStore|iPhoneSimulator.Build.0 = Release|Any CPU
		{49CE4944-F3EC-4241-9AC2-617F42624CFE}.Debug|Any CPU.ActiveCfg = Debug|Any CPU
		{49CE4944-F3EC-4241-9AC2-617F42624CFE}.Debug|Any CPU.Build.0 = Debug|Any CPU
		{49CE4944-F3EC-4241-9AC2-617F42624CFE}.Debug|iPhone.ActiveCfg = Debug|Any CPU
		{49CE4944-F3EC-4241-9AC2-617F42624CFE}.Debug|iPhoneSimulator.ActiveCfg = Debug|Any CPU
		{49CE4944-F3EC-4241-9AC2-617F42624CFE}.nuget|Any CPU.ActiveCfg = Release|Any CPU
		{49CE4944-F3EC-4241-9AC2-617F42624CFE}.nuget|Any CPU.Build.0 = Release|Any CPU
		{49CE4944-F3EC-4241-9AC2-617F42624CFE}.nuget|iPhone.ActiveCfg = Release|Any CPU
		{49CE4944-F3EC-4241-9AC2-617F42624CFE}.nuget|iPhone.Build.0 = Release|Any CPU
		{49CE4944-F3EC-4241-9AC2-617F42624CFE}.nuget|iPhoneSimulator.ActiveCfg = Release|Any CPU
		{49CE4944-F3EC-4241-9AC2-617F42624CFE}.nuget|iPhoneSimulator.Build.0 = Release|Any CPU
		{49CE4944-F3EC-4241-9AC2-617F42624CFE}.Release|Any CPU.ActiveCfg = Release|Any CPU
		{49CE4944-F3EC-4241-9AC2-617F42624CFE}.Release|Any CPU.Build.0 = Release|Any CPU
		{49CE4944-F3EC-4241-9AC2-617F42624CFE}.Release|iPhone.ActiveCfg = Release|Any CPU
		{49CE4944-F3EC-4241-9AC2-617F42624CFE}.Release|iPhoneSimulator.ActiveCfg = Release|Any CPU
		{0FBA612E-7558-4303-8798-ACBF92A82BA0}.Ad-Hoc|Any CPU.ActiveCfg = Release|Any CPU
		{0FBA612E-7558-4303-8798-ACBF92A82BA0}.Ad-Hoc|Any CPU.Build.0 = Release|Any CPU
		{0FBA612E-7558-4303-8798-ACBF92A82BA0}.Ad-Hoc|iPhone.ActiveCfg = Release|Any CPU
		{0FBA612E-7558-4303-8798-ACBF92A82BA0}.Ad-Hoc|iPhone.Build.0 = Release|Any CPU
		{0FBA612E-7558-4303-8798-ACBF92A82BA0}.Ad-Hoc|iPhoneSimulator.ActiveCfg = Release|Any CPU
		{0FBA612E-7558-4303-8798-ACBF92A82BA0}.Ad-Hoc|iPhoneSimulator.Build.0 = Release|Any CPU
		{0FBA612E-7558-4303-8798-ACBF92A82BA0}.AppStore|Any CPU.ActiveCfg = Release|Any CPU
		{0FBA612E-7558-4303-8798-ACBF92A82BA0}.AppStore|Any CPU.Build.0 = Release|Any CPU
		{0FBA612E-7558-4303-8798-ACBF92A82BA0}.AppStore|iPhone.ActiveCfg = Release|Any CPU
		{0FBA612E-7558-4303-8798-ACBF92A82BA0}.AppStore|iPhone.Build.0 = Release|Any CPU
		{0FBA612E-7558-4303-8798-ACBF92A82BA0}.AppStore|iPhoneSimulator.ActiveCfg = Release|Any CPU
		{0FBA612E-7558-4303-8798-ACBF92A82BA0}.AppStore|iPhoneSimulator.Build.0 = Release|Any CPU
		{0FBA612E-7558-4303-8798-ACBF92A82BA0}.Debug|Any CPU.ActiveCfg = Debug|Any CPU
		{0FBA612E-7558-4303-8798-ACBF92A82BA0}.Debug|Any CPU.Build.0 = Debug|Any CPU
		{0FBA612E-7558-4303-8798-ACBF92A82BA0}.Debug|iPhone.ActiveCfg = Debug|Any CPU
		{0FBA612E-7558-4303-8798-ACBF92A82BA0}.Debug|iPhone.Build.0 = Debug|Any CPU
		{0FBA612E-7558-4303-8798-ACBF92A82BA0}.Debug|iPhoneSimulator.ActiveCfg = Debug|Any CPU
		{0FBA612E-7558-4303-8798-ACBF92A82BA0}.Debug|iPhoneSimulator.Build.0 = Debug|Any CPU
		{0FBA612E-7558-4303-8798-ACBF92A82BA0}.nuget|Any CPU.ActiveCfg = Release|Any CPU
		{0FBA612E-7558-4303-8798-ACBF92A82BA0}.nuget|Any CPU.Build.0 = Release|Any CPU
		{0FBA612E-7558-4303-8798-ACBF92A82BA0}.nuget|iPhone.ActiveCfg = Release|Any CPU
		{0FBA612E-7558-4303-8798-ACBF92A82BA0}.nuget|iPhone.Build.0 = Release|Any CPU
		{0FBA612E-7558-4303-8798-ACBF92A82BA0}.nuget|iPhoneSimulator.ActiveCfg = Release|Any CPU
		{0FBA612E-7558-4303-8798-ACBF92A82BA0}.nuget|iPhoneSimulator.Build.0 = Release|Any CPU
		{0FBA612E-7558-4303-8798-ACBF92A82BA0}.Release|Any CPU.ActiveCfg = Release|Any CPU
		{0FBA612E-7558-4303-8798-ACBF92A82BA0}.Release|Any CPU.Build.0 = Release|Any CPU
		{0FBA612E-7558-4303-8798-ACBF92A82BA0}.Release|iPhone.ActiveCfg = Release|Any CPU
		{0FBA612E-7558-4303-8798-ACBF92A82BA0}.Release|iPhone.Build.0 = Release|Any CPU
		{0FBA612E-7558-4303-8798-ACBF92A82BA0}.Release|iPhoneSimulator.ActiveCfg = Release|Any CPU
		{0FBA612E-7558-4303-8798-ACBF92A82BA0}.Release|iPhoneSimulator.Build.0 = Release|Any CPU
		{8A6D05F8-9D1F-4327-B7A5-4DD290270327}.Ad-Hoc|Any CPU.ActiveCfg = Release|Any CPU
		{8A6D05F8-9D1F-4327-B7A5-4DD290270327}.Ad-Hoc|Any CPU.Build.0 = Release|Any CPU
		{8A6D05F8-9D1F-4327-B7A5-4DD290270327}.Ad-Hoc|iPhone.ActiveCfg = Release|Any CPU
		{8A6D05F8-9D1F-4327-B7A5-4DD290270327}.Ad-Hoc|iPhone.Build.0 = Release|Any CPU
		{8A6D05F8-9D1F-4327-B7A5-4DD290270327}.Ad-Hoc|iPhoneSimulator.ActiveCfg = Release|Any CPU
		{8A6D05F8-9D1F-4327-B7A5-4DD290270327}.Ad-Hoc|iPhoneSimulator.Build.0 = Release|Any CPU
		{8A6D05F8-9D1F-4327-B7A5-4DD290270327}.AppStore|Any CPU.ActiveCfg = Release|Any CPU
		{8A6D05F8-9D1F-4327-B7A5-4DD290270327}.AppStore|Any CPU.Build.0 = Release|Any CPU
		{8A6D05F8-9D1F-4327-B7A5-4DD290270327}.AppStore|iPhone.ActiveCfg = Release|Any CPU
		{8A6D05F8-9D1F-4327-B7A5-4DD290270327}.AppStore|iPhone.Build.0 = Release|Any CPU
		{8A6D05F8-9D1F-4327-B7A5-4DD290270327}.AppStore|iPhoneSimulator.ActiveCfg = Release|Any CPU
		{8A6D05F8-9D1F-4327-B7A5-4DD290270327}.AppStore|iPhoneSimulator.Build.0 = Release|Any CPU
		{8A6D05F8-9D1F-4327-B7A5-4DD290270327}.Debug|Any CPU.ActiveCfg = Debug|Any CPU
		{8A6D05F8-9D1F-4327-B7A5-4DD290270327}.Debug|Any CPU.Build.0 = Debug|Any CPU
		{8A6D05F8-9D1F-4327-B7A5-4DD290270327}.Debug|iPhone.ActiveCfg = Debug|Any CPU
		{8A6D05F8-9D1F-4327-B7A5-4DD290270327}.Debug|iPhone.Build.0 = Debug|Any CPU
		{8A6D05F8-9D1F-4327-B7A5-4DD290270327}.Debug|iPhoneSimulator.ActiveCfg = Debug|Any CPU
		{8A6D05F8-9D1F-4327-B7A5-4DD290270327}.Debug|iPhoneSimulator.Build.0 = Debug|Any CPU
		{8A6D05F8-9D1F-4327-B7A5-4DD290270327}.nuget|Any CPU.ActiveCfg = Release|Any CPU
		{8A6D05F8-9D1F-4327-B7A5-4DD290270327}.nuget|Any CPU.Build.0 = Release|Any CPU
		{8A6D05F8-9D1F-4327-B7A5-4DD290270327}.nuget|iPhone.ActiveCfg = Release|Any CPU
		{8A6D05F8-9D1F-4327-B7A5-4DD290270327}.nuget|iPhone.Build.0 = Release|Any CPU
		{8A6D05F8-9D1F-4327-B7A5-4DD290270327}.nuget|iPhoneSimulator.ActiveCfg = Release|Any CPU
		{8A6D05F8-9D1F-4327-B7A5-4DD290270327}.nuget|iPhoneSimulator.Build.0 = Release|Any CPU
		{8A6D05F8-9D1F-4327-B7A5-4DD290270327}.Release|Any CPU.ActiveCfg = Release|Any CPU
		{8A6D05F8-9D1F-4327-B7A5-4DD290270327}.Release|Any CPU.Build.0 = Release|Any CPU
		{8A6D05F8-9D1F-4327-B7A5-4DD290270327}.Release|iPhone.ActiveCfg = Release|Any CPU
		{8A6D05F8-9D1F-4327-B7A5-4DD290270327}.Release|iPhone.Build.0 = Release|Any CPU
		{8A6D05F8-9D1F-4327-B7A5-4DD290270327}.Release|iPhoneSimulator.ActiveCfg = Release|Any CPU
		{8A6D05F8-9D1F-4327-B7A5-4DD290270327}.Release|iPhoneSimulator.Build.0 = Release|Any CPU
		{694AB4E4-4444-4AB9-ADFF-C37BAB48072E}.Ad-Hoc|Any CPU.ActiveCfg = Release|iPhoneSimulator
		{694AB4E4-4444-4AB9-ADFF-C37BAB48072E}.Ad-Hoc|Any CPU.Build.0 = Release|iPhoneSimulator
		{694AB4E4-4444-4AB9-ADFF-C37BAB48072E}.Ad-Hoc|iPhone.ActiveCfg = Release|iPhone
		{694AB4E4-4444-4AB9-ADFF-C37BAB48072E}.Ad-Hoc|iPhone.Build.0 = Release|iPhone
		{694AB4E4-4444-4AB9-ADFF-C37BAB48072E}.Ad-Hoc|iPhoneSimulator.ActiveCfg = Release|iPhoneSimulator
		{694AB4E4-4444-4AB9-ADFF-C37BAB48072E}.Ad-Hoc|iPhoneSimulator.Build.0 = Release|iPhoneSimulator
		{694AB4E4-4444-4AB9-ADFF-C37BAB48072E}.AppStore|Any CPU.ActiveCfg = Release|iPhoneSimulator
		{694AB4E4-4444-4AB9-ADFF-C37BAB48072E}.AppStore|Any CPU.Build.0 = Release|iPhoneSimulator
		{694AB4E4-4444-4AB9-ADFF-C37BAB48072E}.AppStore|iPhone.ActiveCfg = Release|iPhone
		{694AB4E4-4444-4AB9-ADFF-C37BAB48072E}.AppStore|iPhone.Build.0 = Release|iPhone
		{694AB4E4-4444-4AB9-ADFF-C37BAB48072E}.AppStore|iPhoneSimulator.ActiveCfg = Release|iPhoneSimulator
		{694AB4E4-4444-4AB9-ADFF-C37BAB48072E}.AppStore|iPhoneSimulator.Build.0 = Release|iPhoneSimulator
		{694AB4E4-4444-4AB9-ADFF-C37BAB48072E}.Debug|Any CPU.ActiveCfg = Debug|iPhoneSimulator
		{694AB4E4-4444-4AB9-ADFF-C37BAB48072E}.Debug|Any CPU.Build.0 = Debug|iPhoneSimulator
		{694AB4E4-4444-4AB9-ADFF-C37BAB48072E}.Debug|iPhone.ActiveCfg = Debug|iPhone
		{694AB4E4-4444-4AB9-ADFF-C37BAB48072E}.Debug|iPhone.Build.0 = Debug|iPhone
		{694AB4E4-4444-4AB9-ADFF-C37BAB48072E}.Debug|iPhoneSimulator.ActiveCfg = Debug|iPhoneSimulator
		{694AB4E4-4444-4AB9-ADFF-C37BAB48072E}.Debug|iPhoneSimulator.Build.0 = Debug|iPhoneSimulator
		{694AB4E4-4444-4AB9-ADFF-C37BAB48072E}.nuget|Any CPU.ActiveCfg = Release|iPhoneSimulator
		{694AB4E4-4444-4AB9-ADFF-C37BAB48072E}.nuget|Any CPU.Build.0 = Release|iPhoneSimulator
		{694AB4E4-4444-4AB9-ADFF-C37BAB48072E}.nuget|iPhone.ActiveCfg = Release|iPhone
		{694AB4E4-4444-4AB9-ADFF-C37BAB48072E}.nuget|iPhone.Build.0 = Release|iPhone
		{694AB4E4-4444-4AB9-ADFF-C37BAB48072E}.nuget|iPhoneSimulator.ActiveCfg = Release|iPhoneSimulator
		{694AB4E4-4444-4AB9-ADFF-C37BAB48072E}.nuget|iPhoneSimulator.Build.0 = Release|iPhoneSimulator
		{694AB4E4-4444-4AB9-ADFF-C37BAB48072E}.Release|Any CPU.ActiveCfg = Debug|iPhoneSimulator
		{694AB4E4-4444-4AB9-ADFF-C37BAB48072E}.Release|Any CPU.Build.0 = Debug|iPhoneSimulator
		{694AB4E4-4444-4AB9-ADFF-C37BAB48072E}.Release|iPhone.ActiveCfg = Release|iPhone
		{694AB4E4-4444-4AB9-ADFF-C37BAB48072E}.Release|iPhone.Build.0 = Release|iPhone
		{694AB4E4-4444-4AB9-ADFF-C37BAB48072E}.Release|iPhoneSimulator.ActiveCfg = Release|iPhoneSimulator
		{694AB4E4-4444-4AB9-ADFF-C37BAB48072E}.Release|iPhoneSimulator.Build.0 = Release|iPhoneSimulator
		{FEB016FC-294D-46AF-BF9D-5C1CD0C45B1D}.Ad-Hoc|Any CPU.ActiveCfg = Release|Any CPU
		{FEB016FC-294D-46AF-BF9D-5C1CD0C45B1D}.Ad-Hoc|Any CPU.Build.0 = Release|Any CPU
		{FEB016FC-294D-46AF-BF9D-5C1CD0C45B1D}.Ad-Hoc|Any CPU.Deploy.0 = Release|Any CPU
		{FEB016FC-294D-46AF-BF9D-5C1CD0C45B1D}.Ad-Hoc|iPhone.ActiveCfg = Release|Any CPU
		{FEB016FC-294D-46AF-BF9D-5C1CD0C45B1D}.Ad-Hoc|iPhone.Build.0 = Release|Any CPU
		{FEB016FC-294D-46AF-BF9D-5C1CD0C45B1D}.Ad-Hoc|iPhone.Deploy.0 = Release|Any CPU
		{FEB016FC-294D-46AF-BF9D-5C1CD0C45B1D}.Ad-Hoc|iPhoneSimulator.ActiveCfg = Release|Any CPU
		{FEB016FC-294D-46AF-BF9D-5C1CD0C45B1D}.Ad-Hoc|iPhoneSimulator.Build.0 = Release|Any CPU
		{FEB016FC-294D-46AF-BF9D-5C1CD0C45B1D}.Ad-Hoc|iPhoneSimulator.Deploy.0 = Release|Any CPU
		{FEB016FC-294D-46AF-BF9D-5C1CD0C45B1D}.AppStore|Any CPU.ActiveCfg = Release|Any CPU
		{FEB016FC-294D-46AF-BF9D-5C1CD0C45B1D}.AppStore|Any CPU.Build.0 = Release|Any CPU
		{FEB016FC-294D-46AF-BF9D-5C1CD0C45B1D}.AppStore|Any CPU.Deploy.0 = Release|Any CPU
		{FEB016FC-294D-46AF-BF9D-5C1CD0C45B1D}.AppStore|iPhone.ActiveCfg = Release|Any CPU
		{FEB016FC-294D-46AF-BF9D-5C1CD0C45B1D}.AppStore|iPhone.Build.0 = Release|Any CPU
		{FEB016FC-294D-46AF-BF9D-5C1CD0C45B1D}.AppStore|iPhone.Deploy.0 = Release|Any CPU
		{FEB016FC-294D-46AF-BF9D-5C1CD0C45B1D}.AppStore|iPhoneSimulator.ActiveCfg = Release|Any CPU
		{FEB016FC-294D-46AF-BF9D-5C1CD0C45B1D}.AppStore|iPhoneSimulator.Build.0 = Release|Any CPU
		{FEB016FC-294D-46AF-BF9D-5C1CD0C45B1D}.AppStore|iPhoneSimulator.Deploy.0 = Release|Any CPU
		{FEB016FC-294D-46AF-BF9D-5C1CD0C45B1D}.Debug|Any CPU.ActiveCfg = Debug|Any CPU
		{FEB016FC-294D-46AF-BF9D-5C1CD0C45B1D}.Debug|Any CPU.Build.0 = Debug|Any CPU
		{FEB016FC-294D-46AF-BF9D-5C1CD0C45B1D}.Debug|iPhone.ActiveCfg = Debug|Any CPU
		{FEB016FC-294D-46AF-BF9D-5C1CD0C45B1D}.Debug|iPhoneSimulator.ActiveCfg = Debug|Any CPU
		{FEB016FC-294D-46AF-BF9D-5C1CD0C45B1D}.nuget|Any CPU.ActiveCfg = Release|Any CPU
		{FEB016FC-294D-46AF-BF9D-5C1CD0C45B1D}.nuget|Any CPU.Build.0 = Release|Any CPU
		{FEB016FC-294D-46AF-BF9D-5C1CD0C45B1D}.nuget|Any CPU.Deploy.0 = Release|Any CPU
		{FEB016FC-294D-46AF-BF9D-5C1CD0C45B1D}.nuget|iPhone.ActiveCfg = Release|Any CPU
		{FEB016FC-294D-46AF-BF9D-5C1CD0C45B1D}.nuget|iPhone.Build.0 = Release|Any CPU
		{FEB016FC-294D-46AF-BF9D-5C1CD0C45B1D}.nuget|iPhone.Deploy.0 = Release|Any CPU
		{FEB016FC-294D-46AF-BF9D-5C1CD0C45B1D}.nuget|iPhoneSimulator.ActiveCfg = Release|Any CPU
		{FEB016FC-294D-46AF-BF9D-5C1CD0C45B1D}.nuget|iPhoneSimulator.Build.0 = Release|Any CPU
		{FEB016FC-294D-46AF-BF9D-5C1CD0C45B1D}.nuget|iPhoneSimulator.Deploy.0 = Release|Any CPU
		{FEB016FC-294D-46AF-BF9D-5C1CD0C45B1D}.Release|Any CPU.ActiveCfg = Release|Any CPU
		{FEB016FC-294D-46AF-BF9D-5C1CD0C45B1D}.Release|Any CPU.Build.0 = Release|Any CPU
		{FEB016FC-294D-46AF-BF9D-5C1CD0C45B1D}.Release|iPhone.ActiveCfg = Release|Any CPU
		{FEB016FC-294D-46AF-BF9D-5C1CD0C45B1D}.Release|iPhoneSimulator.ActiveCfg = Release|Any CPU
		{78B00F76-5FB4-4429-ABF6-42A80A6E967E}.Ad-Hoc|Any CPU.ActiveCfg = Release|Any CPU
		{78B00F76-5FB4-4429-ABF6-42A80A6E967E}.Ad-Hoc|Any CPU.Build.0 = Release|Any CPU
		{78B00F76-5FB4-4429-ABF6-42A80A6E967E}.Ad-Hoc|iPhone.ActiveCfg = Release|Any CPU
		{78B00F76-5FB4-4429-ABF6-42A80A6E967E}.Ad-Hoc|iPhone.Build.0 = Release|Any CPU
		{78B00F76-5FB4-4429-ABF6-42A80A6E967E}.Ad-Hoc|iPhoneSimulator.ActiveCfg = Release|Any CPU
		{78B00F76-5FB4-4429-ABF6-42A80A6E967E}.Ad-Hoc|iPhoneSimulator.Build.0 = Release|Any CPU
		{78B00F76-5FB4-4429-ABF6-42A80A6E967E}.AppStore|Any CPU.ActiveCfg = Release|Any CPU
		{78B00F76-5FB4-4429-ABF6-42A80A6E967E}.AppStore|Any CPU.Build.0 = Release|Any CPU
		{78B00F76-5FB4-4429-ABF6-42A80A6E967E}.AppStore|iPhone.ActiveCfg = Release|Any CPU
		{78B00F76-5FB4-4429-ABF6-42A80A6E967E}.AppStore|iPhone.Build.0 = Release|Any CPU
		{78B00F76-5FB4-4429-ABF6-42A80A6E967E}.AppStore|iPhoneSimulator.ActiveCfg = Release|Any CPU
		{78B00F76-5FB4-4429-ABF6-42A80A6E967E}.AppStore|iPhoneSimulator.Build.0 = Release|Any CPU
		{78B00F76-5FB4-4429-ABF6-42A80A6E967E}.Debug|Any CPU.ActiveCfg = Debug|Any CPU
		{78B00F76-5FB4-4429-ABF6-42A80A6E967E}.Debug|Any CPU.Build.0 = Debug|Any CPU
		{78B00F76-5FB4-4429-ABF6-42A80A6E967E}.Debug|iPhone.ActiveCfg = Debug|Any CPU
		{78B00F76-5FB4-4429-ABF6-42A80A6E967E}.Debug|iPhone.Build.0 = Debug|Any CPU
		{78B00F76-5FB4-4429-ABF6-42A80A6E967E}.Debug|iPhoneSimulator.ActiveCfg = Debug|Any CPU
		{78B00F76-5FB4-4429-ABF6-42A80A6E967E}.Debug|iPhoneSimulator.Build.0 = Debug|Any CPU
		{78B00F76-5FB4-4429-ABF6-42A80A6E967E}.nuget|Any CPU.ActiveCfg = Release|Any CPU
		{78B00F76-5FB4-4429-ABF6-42A80A6E967E}.nuget|Any CPU.Build.0 = Release|Any CPU
		{78B00F76-5FB4-4429-ABF6-42A80A6E967E}.nuget|iPhone.ActiveCfg = Release|Any CPU
		{78B00F76-5FB4-4429-ABF6-42A80A6E967E}.nuget|iPhone.Build.0 = Release|Any CPU
		{78B00F76-5FB4-4429-ABF6-42A80A6E967E}.nuget|iPhoneSimulator.ActiveCfg = Release|Any CPU
		{78B00F76-5FB4-4429-ABF6-42A80A6E967E}.nuget|iPhoneSimulator.Build.0 = Release|Any CPU
		{78B00F76-5FB4-4429-ABF6-42A80A6E967E}.Release|Any CPU.ActiveCfg = Release|Any CPU
		{78B00F76-5FB4-4429-ABF6-42A80A6E967E}.Release|Any CPU.Build.0 = Release|Any CPU
		{78B00F76-5FB4-4429-ABF6-42A80A6E967E}.Release|iPhone.ActiveCfg = Release|Any CPU
		{78B00F76-5FB4-4429-ABF6-42A80A6E967E}.Release|iPhone.Build.0 = Release|Any CPU
		{78B00F76-5FB4-4429-ABF6-42A80A6E967E}.Release|iPhoneSimulator.ActiveCfg = Release|Any CPU
		{78B00F76-5FB4-4429-ABF6-42A80A6E967E}.Release|iPhoneSimulator.Build.0 = Release|Any CPU
		{0AA5F959-4FA9-40D9-98AE-5453ABDB3EC4}.Ad-Hoc|Any CPU.ActiveCfg = Release|Any CPU
		{0AA5F959-4FA9-40D9-98AE-5453ABDB3EC4}.Ad-Hoc|Any CPU.Build.0 = Release|Any CPU
		{0AA5F959-4FA9-40D9-98AE-5453ABDB3EC4}.Ad-Hoc|iPhone.ActiveCfg = Release|Any CPU
		{0AA5F959-4FA9-40D9-98AE-5453ABDB3EC4}.Ad-Hoc|iPhone.Build.0 = Release|Any CPU
		{0AA5F959-4FA9-40D9-98AE-5453ABDB3EC4}.Ad-Hoc|iPhoneSimulator.ActiveCfg = Release|Any CPU
		{0AA5F959-4FA9-40D9-98AE-5453ABDB3EC4}.Ad-Hoc|iPhoneSimulator.Build.0 = Release|Any CPU
		{0AA5F959-4FA9-40D9-98AE-5453ABDB3EC4}.AppStore|Any CPU.ActiveCfg = Release|Any CPU
		{0AA5F959-4FA9-40D9-98AE-5453ABDB3EC4}.AppStore|Any CPU.Build.0 = Release|Any CPU
		{0AA5F959-4FA9-40D9-98AE-5453ABDB3EC4}.AppStore|iPhone.ActiveCfg = Release|Any CPU
		{0AA5F959-4FA9-40D9-98AE-5453ABDB3EC4}.AppStore|iPhone.Build.0 = Release|Any CPU
		{0AA5F959-4FA9-40D9-98AE-5453ABDB3EC4}.AppStore|iPhoneSimulator.ActiveCfg = Release|Any CPU
		{0AA5F959-4FA9-40D9-98AE-5453ABDB3EC4}.AppStore|iPhoneSimulator.Build.0 = Release|Any CPU
		{0AA5F959-4FA9-40D9-98AE-5453ABDB3EC4}.Debug|Any CPU.ActiveCfg = Debug|Any CPU
		{0AA5F959-4FA9-40D9-98AE-5453ABDB3EC4}.Debug|Any CPU.Build.0 = Debug|Any CPU
		{0AA5F959-4FA9-40D9-98AE-5453ABDB3EC4}.Debug|iPhone.ActiveCfg = Debug|Any CPU
		{0AA5F959-4FA9-40D9-98AE-5453ABDB3EC4}.Debug|iPhone.Build.0 = Debug|Any CPU
		{0AA5F959-4FA9-40D9-98AE-5453ABDB3EC4}.Debug|iPhoneSimulator.ActiveCfg = Debug|Any CPU
		{0AA5F959-4FA9-40D9-98AE-5453ABDB3EC4}.Debug|iPhoneSimulator.Build.0 = Debug|Any CPU
		{0AA5F959-4FA9-40D9-98AE-5453ABDB3EC4}.nuget|Any CPU.ActiveCfg = Release|Any CPU
		{0AA5F959-4FA9-40D9-98AE-5453ABDB3EC4}.nuget|Any CPU.Build.0 = Release|Any CPU
		{0AA5F959-4FA9-40D9-98AE-5453ABDB3EC4}.nuget|iPhone.ActiveCfg = Release|Any CPU
		{0AA5F959-4FA9-40D9-98AE-5453ABDB3EC4}.nuget|iPhone.Build.0 = Release|Any CPU
		{0AA5F959-4FA9-40D9-98AE-5453ABDB3EC4}.nuget|iPhoneSimulator.ActiveCfg = Release|Any CPU
		{0AA5F959-4FA9-40D9-98AE-5453ABDB3EC4}.nuget|iPhoneSimulator.Build.0 = Release|Any CPU
		{0AA5F959-4FA9-40D9-98AE-5453ABDB3EC4}.Release|Any CPU.ActiveCfg = Release|Any CPU
		{0AA5F959-4FA9-40D9-98AE-5453ABDB3EC4}.Release|Any CPU.Build.0 = Release|Any CPU
		{0AA5F959-4FA9-40D9-98AE-5453ABDB3EC4}.Release|iPhone.ActiveCfg = Release|Any CPU
		{0AA5F959-4FA9-40D9-98AE-5453ABDB3EC4}.Release|iPhone.Build.0 = Release|Any CPU
		{0AA5F959-4FA9-40D9-98AE-5453ABDB3EC4}.Release|iPhoneSimulator.ActiveCfg = Release|Any CPU
		{0AA5F959-4FA9-40D9-98AE-5453ABDB3EC4}.Release|iPhoneSimulator.Build.0 = Release|Any CPU
		{55B9F893-83FA-40B2-AF94-341B0DC82199}.Ad-Hoc|Any CPU.ActiveCfg = Debug|Any CPU
		{55B9F893-83FA-40B2-AF94-341B0DC82199}.Ad-Hoc|Any CPU.Build.0 = Debug|Any CPU
		{55B9F893-83FA-40B2-AF94-341B0DC82199}.Ad-Hoc|iPhone.ActiveCfg = Debug|Any CPU
		{55B9F893-83FA-40B2-AF94-341B0DC82199}.Ad-Hoc|iPhone.Build.0 = Debug|Any CPU
		{55B9F893-83FA-40B2-AF94-341B0DC82199}.Ad-Hoc|iPhoneSimulator.ActiveCfg = Debug|Any CPU
		{55B9F893-83FA-40B2-AF94-341B0DC82199}.Ad-Hoc|iPhoneSimulator.Build.0 = Debug|Any CPU
		{55B9F893-83FA-40B2-AF94-341B0DC82199}.AppStore|Any CPU.ActiveCfg = Debug|Any CPU
		{55B9F893-83FA-40B2-AF94-341B0DC82199}.AppStore|Any CPU.Build.0 = Debug|Any CPU
		{55B9F893-83FA-40B2-AF94-341B0DC82199}.AppStore|iPhone.ActiveCfg = Debug|Any CPU
		{55B9F893-83FA-40B2-AF94-341B0DC82199}.AppStore|iPhone.Build.0 = Debug|Any CPU
		{55B9F893-83FA-40B2-AF94-341B0DC82199}.AppStore|iPhoneSimulator.ActiveCfg = Debug|Any CPU
		{55B9F893-83FA-40B2-AF94-341B0DC82199}.AppStore|iPhoneSimulator.Build.0 = Debug|Any CPU
		{55B9F893-83FA-40B2-AF94-341B0DC82199}.Debug|Any CPU.ActiveCfg = Debug|Any CPU
		{55B9F893-83FA-40B2-AF94-341B0DC82199}.Debug|Any CPU.Build.0 = Debug|Any CPU
		{55B9F893-83FA-40B2-AF94-341B0DC82199}.Debug|iPhone.ActiveCfg = Debug|Any CPU
		{55B9F893-83FA-40B2-AF94-341B0DC82199}.Debug|iPhone.Build.0 = Debug|Any CPU
		{55B9F893-83FA-40B2-AF94-341B0DC82199}.Debug|iPhoneSimulator.ActiveCfg = Debug|Any CPU
		{55B9F893-83FA-40B2-AF94-341B0DC82199}.Debug|iPhoneSimulator.Build.0 = Debug|Any CPU
		{55B9F893-83FA-40B2-AF94-341B0DC82199}.nuget|Any CPU.ActiveCfg = Debug|Any CPU
		{55B9F893-83FA-40B2-AF94-341B0DC82199}.nuget|Any CPU.Build.0 = Debug|Any CPU
		{55B9F893-83FA-40B2-AF94-341B0DC82199}.nuget|iPhone.ActiveCfg = Debug|Any CPU
		{55B9F893-83FA-40B2-AF94-341B0DC82199}.nuget|iPhone.Build.0 = Debug|Any CPU
		{55B9F893-83FA-40B2-AF94-341B0DC82199}.nuget|iPhoneSimulator.ActiveCfg = Debug|Any CPU
		{55B9F893-83FA-40B2-AF94-341B0DC82199}.nuget|iPhoneSimulator.Build.0 = Debug|Any CPU
		{55B9F893-83FA-40B2-AF94-341B0DC82199}.Release|Any CPU.ActiveCfg = Release|Any CPU
		{55B9F893-83FA-40B2-AF94-341B0DC82199}.Release|Any CPU.Build.0 = Release|Any CPU
		{55B9F893-83FA-40B2-AF94-341B0DC82199}.Release|iPhone.ActiveCfg = Release|Any CPU
		{55B9F893-83FA-40B2-AF94-341B0DC82199}.Release|iPhone.Build.0 = Release|Any CPU
		{55B9F893-83FA-40B2-AF94-341B0DC82199}.Release|iPhoneSimulator.ActiveCfg = Release|Any CPU
		{55B9F893-83FA-40B2-AF94-341B0DC82199}.Release|iPhoneSimulator.Build.0 = Release|Any CPU
		{56301A73-10E2-43E8-878C-3B375F202453}.Ad-Hoc|Any CPU.ActiveCfg = Release|Any CPU
		{56301A73-10E2-43E8-878C-3B375F202453}.Ad-Hoc|Any CPU.Build.0 = Release|Any CPU
		{56301A73-10E2-43E8-878C-3B375F202453}.Ad-Hoc|Any CPU.Deploy.0 = Release|Any CPU
		{56301A73-10E2-43E8-878C-3B375F202453}.Ad-Hoc|iPhone.ActiveCfg = Release|Any CPU
		{56301A73-10E2-43E8-878C-3B375F202453}.Ad-Hoc|iPhone.Build.0 = Release|Any CPU
		{56301A73-10E2-43E8-878C-3B375F202453}.Ad-Hoc|iPhone.Deploy.0 = Release|Any CPU
		{56301A73-10E2-43E8-878C-3B375F202453}.Ad-Hoc|iPhoneSimulator.ActiveCfg = Release|Any CPU
		{56301A73-10E2-43E8-878C-3B375F202453}.Ad-Hoc|iPhoneSimulator.Build.0 = Release|Any CPU
		{56301A73-10E2-43E8-878C-3B375F202453}.Ad-Hoc|iPhoneSimulator.Deploy.0 = Release|Any CPU
		{56301A73-10E2-43E8-878C-3B375F202453}.AppStore|Any CPU.ActiveCfg = Release|Any CPU
		{56301A73-10E2-43E8-878C-3B375F202453}.AppStore|Any CPU.Build.0 = Release|Any CPU
		{56301A73-10E2-43E8-878C-3B375F202453}.AppStore|Any CPU.Deploy.0 = Release|Any CPU
		{56301A73-10E2-43E8-878C-3B375F202453}.AppStore|iPhone.ActiveCfg = Release|Any CPU
		{56301A73-10E2-43E8-878C-3B375F202453}.AppStore|iPhone.Build.0 = Release|Any CPU
		{56301A73-10E2-43E8-878C-3B375F202453}.AppStore|iPhone.Deploy.0 = Release|Any CPU
		{56301A73-10E2-43E8-878C-3B375F202453}.AppStore|iPhoneSimulator.ActiveCfg = Release|Any CPU
		{56301A73-10E2-43E8-878C-3B375F202453}.AppStore|iPhoneSimulator.Build.0 = Release|Any CPU
		{56301A73-10E2-43E8-878C-3B375F202453}.AppStore|iPhoneSimulator.Deploy.0 = Release|Any CPU
		{56301A73-10E2-43E8-878C-3B375F202453}.Debug|Any CPU.ActiveCfg = Debug|Any CPU
		{56301A73-10E2-43E8-878C-3B375F202453}.Debug|Any CPU.Build.0 = Debug|Any CPU
		{56301A73-10E2-43E8-878C-3B375F202453}.Debug|Any CPU.Deploy.0 = Debug|Any CPU
		{56301A73-10E2-43E8-878C-3B375F202453}.Debug|iPhone.ActiveCfg = Debug|Any CPU
		{56301A73-10E2-43E8-878C-3B375F202453}.Debug|iPhone.Build.0 = Debug|Any CPU
		{56301A73-10E2-43E8-878C-3B375F202453}.Debug|iPhone.Deploy.0 = Debug|Any CPU
		{56301A73-10E2-43E8-878C-3B375F202453}.Debug|iPhoneSimulator.ActiveCfg = Debug|Any CPU
		{56301A73-10E2-43E8-878C-3B375F202453}.Debug|iPhoneSimulator.Build.0 = Debug|Any CPU
		{56301A73-10E2-43E8-878C-3B375F202453}.Debug|iPhoneSimulator.Deploy.0 = Debug|Any CPU
		{56301A73-10E2-43E8-878C-3B375F202453}.nuget|Any CPU.ActiveCfg = Release|Any CPU
		{56301A73-10E2-43E8-878C-3B375F202453}.nuget|Any CPU.Build.0 = Release|Any CPU
		{56301A73-10E2-43E8-878C-3B375F202453}.nuget|Any CPU.Deploy.0 = Release|Any CPU
		{56301A73-10E2-43E8-878C-3B375F202453}.nuget|iPhone.ActiveCfg = Release|Any CPU
		{56301A73-10E2-43E8-878C-3B375F202453}.nuget|iPhone.Build.0 = Release|Any CPU
		{56301A73-10E2-43E8-878C-3B375F202453}.nuget|iPhone.Deploy.0 = Release|Any CPU
		{56301A73-10E2-43E8-878C-3B375F202453}.nuget|iPhoneSimulator.ActiveCfg = Release|Any CPU
		{56301A73-10E2-43E8-878C-3B375F202453}.nuget|iPhoneSimulator.Build.0 = Release|Any CPU
		{56301A73-10E2-43E8-878C-3B375F202453}.nuget|iPhoneSimulator.Deploy.0 = Release|Any CPU
		{56301A73-10E2-43E8-878C-3B375F202453}.Release|Any CPU.ActiveCfg = Release|Any CPU
		{56301A73-10E2-43E8-878C-3B375F202453}.Release|Any CPU.Build.0 = Release|Any CPU
		{56301A73-10E2-43E8-878C-3B375F202453}.Release|Any CPU.Deploy.0 = Release|Any CPU
		{56301A73-10E2-43E8-878C-3B375F202453}.Release|iPhone.ActiveCfg = Release|Any CPU
		{56301A73-10E2-43E8-878C-3B375F202453}.Release|iPhone.Build.0 = Release|Any CPU
		{56301A73-10E2-43E8-878C-3B375F202453}.Release|iPhone.Deploy.0 = Release|Any CPU
		{56301A73-10E2-43E8-878C-3B375F202453}.Release|iPhoneSimulator.ActiveCfg = Release|Any CPU
		{56301A73-10E2-43E8-878C-3B375F202453}.Release|iPhoneSimulator.Build.0 = Release|Any CPU
		{56301A73-10E2-43E8-878C-3B375F202453}.Release|iPhoneSimulator.Deploy.0 = Release|Any CPU
		{63EE2E63-705C-45F0-93CD-D216591090A9}.Ad-Hoc|Any CPU.ActiveCfg = Ad-Hoc|iPhone
		{63EE2E63-705C-45F0-93CD-D216591090A9}.Ad-Hoc|iPhone.ActiveCfg = Ad-Hoc|iPhone
		{63EE2E63-705C-45F0-93CD-D216591090A9}.Ad-Hoc|iPhone.Build.0 = Ad-Hoc|iPhone
		{63EE2E63-705C-45F0-93CD-D216591090A9}.Ad-Hoc|iPhoneSimulator.ActiveCfg = Ad-Hoc|iPhoneSimulator
		{63EE2E63-705C-45F0-93CD-D216591090A9}.Ad-Hoc|iPhoneSimulator.Build.0 = Ad-Hoc|iPhoneSimulator
		{63EE2E63-705C-45F0-93CD-D216591090A9}.AppStore|Any CPU.ActiveCfg = AppStore|iPhone
		{63EE2E63-705C-45F0-93CD-D216591090A9}.AppStore|iPhone.ActiveCfg = AppStore|iPhone
		{63EE2E63-705C-45F0-93CD-D216591090A9}.AppStore|iPhone.Build.0 = AppStore|iPhone
		{63EE2E63-705C-45F0-93CD-D216591090A9}.AppStore|iPhoneSimulator.ActiveCfg = AppStore|iPhoneSimulator
		{63EE2E63-705C-45F0-93CD-D216591090A9}.AppStore|iPhoneSimulator.Build.0 = AppStore|iPhoneSimulator
		{63EE2E63-705C-45F0-93CD-D216591090A9}.Debug|Any CPU.ActiveCfg = Debug|iPhone
		{63EE2E63-705C-45F0-93CD-D216591090A9}.Debug|iPhone.ActiveCfg = Debug|iPhone
		{63EE2E63-705C-45F0-93CD-D216591090A9}.Debug|iPhone.Build.0 = Debug|iPhone
		{63EE2E63-705C-45F0-93CD-D216591090A9}.Debug|iPhoneSimulator.ActiveCfg = Debug|iPhoneSimulator
		{63EE2E63-705C-45F0-93CD-D216591090A9}.Debug|iPhoneSimulator.Build.0 = Debug|iPhoneSimulator
		{63EE2E63-705C-45F0-93CD-D216591090A9}.nuget|Any CPU.ActiveCfg = AppStore|iPhone
		{63EE2E63-705C-45F0-93CD-D216591090A9}.nuget|Any CPU.Build.0 = AppStore|iPhone
		{63EE2E63-705C-45F0-93CD-D216591090A9}.nuget|iPhone.ActiveCfg = AppStore|iPhone
		{63EE2E63-705C-45F0-93CD-D216591090A9}.nuget|iPhone.Build.0 = AppStore|iPhone
		{63EE2E63-705C-45F0-93CD-D216591090A9}.nuget|iPhoneSimulator.ActiveCfg = AppStore|iPhoneSimulator
		{63EE2E63-705C-45F0-93CD-D216591090A9}.nuget|iPhoneSimulator.Build.0 = AppStore|iPhoneSimulator
		{63EE2E63-705C-45F0-93CD-D216591090A9}.Release|Any CPU.ActiveCfg = Release|iPhone
		{63EE2E63-705C-45F0-93CD-D216591090A9}.Release|iPhone.ActiveCfg = Release|iPhone
		{63EE2E63-705C-45F0-93CD-D216591090A9}.Release|iPhone.Build.0 = Release|iPhone
		{63EE2E63-705C-45F0-93CD-D216591090A9}.Release|iPhoneSimulator.ActiveCfg = Release|iPhoneSimulator
		{63EE2E63-705C-45F0-93CD-D216591090A9}.Release|iPhoneSimulator.Build.0 = Release|iPhoneSimulator
		{27C897B9-ADB2-49F4-AD3C-F6100782DA9A}.Ad-Hoc|Any CPU.ActiveCfg = Debug|Any CPU
		{27C897B9-ADB2-49F4-AD3C-F6100782DA9A}.Ad-Hoc|Any CPU.Build.0 = Debug|Any CPU
		{27C897B9-ADB2-49F4-AD3C-F6100782DA9A}.Ad-Hoc|iPhone.ActiveCfg = Debug|Any CPU
		{27C897B9-ADB2-49F4-AD3C-F6100782DA9A}.Ad-Hoc|iPhone.Build.0 = Debug|Any CPU
		{27C897B9-ADB2-49F4-AD3C-F6100782DA9A}.Ad-Hoc|iPhoneSimulator.ActiveCfg = Debug|Any CPU
		{27C897B9-ADB2-49F4-AD3C-F6100782DA9A}.Ad-Hoc|iPhoneSimulator.Build.0 = Debug|Any CPU
		{27C897B9-ADB2-49F4-AD3C-F6100782DA9A}.AppStore|Any CPU.ActiveCfg = Debug|Any CPU
		{27C897B9-ADB2-49F4-AD3C-F6100782DA9A}.AppStore|Any CPU.Build.0 = Debug|Any CPU
		{27C897B9-ADB2-49F4-AD3C-F6100782DA9A}.AppStore|iPhone.ActiveCfg = Debug|Any CPU
		{27C897B9-ADB2-49F4-AD3C-F6100782DA9A}.AppStore|iPhone.Build.0 = Debug|Any CPU
		{27C897B9-ADB2-49F4-AD3C-F6100782DA9A}.AppStore|iPhoneSimulator.ActiveCfg = Debug|Any CPU
		{27C897B9-ADB2-49F4-AD3C-F6100782DA9A}.AppStore|iPhoneSimulator.Build.0 = Debug|Any CPU
		{27C897B9-ADB2-49F4-AD3C-F6100782DA9A}.Debug|Any CPU.ActiveCfg = Debug|Any CPU
		{27C897B9-ADB2-49F4-AD3C-F6100782DA9A}.Debug|Any CPU.Build.0 = Debug|Any CPU
		{27C897B9-ADB2-49F4-AD3C-F6100782DA9A}.Debug|iPhone.ActiveCfg = Debug|Any CPU
		{27C897B9-ADB2-49F4-AD3C-F6100782DA9A}.Debug|iPhone.Build.0 = Debug|Any CPU
		{27C897B9-ADB2-49F4-AD3C-F6100782DA9A}.Debug|iPhoneSimulator.ActiveCfg = Debug|Any CPU
		{27C897B9-ADB2-49F4-AD3C-F6100782DA9A}.Debug|iPhoneSimulator.Build.0 = Debug|Any CPU
		{27C897B9-ADB2-49F4-AD3C-F6100782DA9A}.nuget|Any CPU.ActiveCfg = Debug|Any CPU
		{27C897B9-ADB2-49F4-AD3C-F6100782DA9A}.nuget|Any CPU.Build.0 = Debug|Any CPU
		{27C897B9-ADB2-49F4-AD3C-F6100782DA9A}.nuget|iPhone.ActiveCfg = Debug|Any CPU
		{27C897B9-ADB2-49F4-AD3C-F6100782DA9A}.nuget|iPhone.Build.0 = Debug|Any CPU
		{27C897B9-ADB2-49F4-AD3C-F6100782DA9A}.nuget|iPhoneSimulator.ActiveCfg = Debug|Any CPU
		{27C897B9-ADB2-49F4-AD3C-F6100782DA9A}.nuget|iPhoneSimulator.Build.0 = Debug|Any CPU
		{27C897B9-ADB2-49F4-AD3C-F6100782DA9A}.Release|Any CPU.ActiveCfg = Release|Any CPU
		{27C897B9-ADB2-49F4-AD3C-F6100782DA9A}.Release|Any CPU.Build.0 = Release|Any CPU
		{27C897B9-ADB2-49F4-AD3C-F6100782DA9A}.Release|iPhone.ActiveCfg = Release|Any CPU
		{27C897B9-ADB2-49F4-AD3C-F6100782DA9A}.Release|iPhone.Build.0 = Release|Any CPU
		{27C897B9-ADB2-49F4-AD3C-F6100782DA9A}.Release|iPhoneSimulator.ActiveCfg = Release|Any CPU
		{27C897B9-ADB2-49F4-AD3C-F6100782DA9A}.Release|iPhoneSimulator.Build.0 = Release|Any CPU
	EndGlobalSection
	GlobalSection(SolutionProperties) = preSolution
		HideSolutionNode = FALSE
	EndGlobalSection
	GlobalSection(NestedProjects) = preSolution
		{A00F6278-A080-4987-8E4C-075B2A9A1B86} = {34782372-17E9-487C-AC2D-3194E90AD5CD}
		{49CE4944-F3EC-4241-9AC2-617F42624CFE} = {34782372-17E9-487C-AC2D-3194E90AD5CD}
		{0FBA612E-7558-4303-8798-ACBF92A82BA0} = {34782372-17E9-487C-AC2D-3194E90AD5CD}
		{8A6D05F8-9D1F-4327-B7A5-4DD290270327} = {85EBA5F6-C0BD-4757-8F8C-3D268181F5A6}
		{694AB4E4-4444-4AB9-ADFF-C37BAB48072E} = {85EBA5F6-C0BD-4757-8F8C-3D268181F5A6}
		{FEB016FC-294D-46AF-BF9D-5C1CD0C45B1D} = {85EBA5F6-C0BD-4757-8F8C-3D268181F5A6}
		{1FD88392-C5C6-46FD-8C38-351C685F6D70} = {34782372-17E9-487C-AC2D-3194E90AD5CD}
		{78B00F76-5FB4-4429-ABF6-42A80A6E967E} = {1FD88392-C5C6-46FD-8C38-351C685F6D70}
		{0AA5F959-4FA9-40D9-98AE-5453ABDB3EC4} = {1FD88392-C5C6-46FD-8C38-351C685F6D70}
		{55B9F893-83FA-40B2-AF94-341B0DC82199} = {1FD88392-C5C6-46FD-8C38-351C685F6D70}
		{56301A73-10E2-43E8-878C-3B375F202453} = {C3251A30-6147-40A5-997D-1464883CFF25}
		{63EE2E63-705C-45F0-93CD-D216591090A9} = {C3251A30-6147-40A5-997D-1464883CFF25}
		{27C897B9-ADB2-49F4-AD3C-F6100782DA9A} = {C3251A30-6147-40A5-997D-1464883CFF25}
	EndGlobalSection
	GlobalSection(ExtensibilityGlobals) = postSolution
		SolutionGuid = {918AC48A-FB49-454B-923B-5364D01D9368}
	EndGlobalSection
EndGlobal
